
Microsoft Visual Studio Solution File, Format Version 12.00
# Visual Studio Version 17
VisualStudioVersion = 17.7.34031.279
MinimumVisualStudioVersion = 10.0.40219.1
Project("{FAE04EC0-301F-11D3-BF4B-00C04F79EFBC}") = "dockerdemo", "dockerdemo.csproj", "{A08DE9AE-E0C2-4167-ACC0-D9D33B0BD669}"
EndProject
Global
	GlobalSection(SolutionConfigurationPlatforms) = preSolution
		Debug|Any CPU = Debug|Any CPU
		Release|Any CPU = Release|Any CPU
	EndGlobalSection
	GlobalSection(ProjectConfigurationPlatforms) = postSolution
		{A08DE9AE-E0C2-4167-ACC0-D9D33B0BD669}.Debug|Any CPU.ActiveCfg = Debug|Any CPU
		{A08DE9AE-E0C2-4167-ACC0-D9D33B0BD669}.Debug|Any CPU.Build.0 = Debug|Any CPU
		{A08DE9AE-E0C2-4167-ACC0-D9D33B0BD669}.Release|Any CPU.ActiveCfg = Release|Any CPU
		{A08DE9AE-E0C2-4167-ACC0-D9D33B0BD669}.Release|Any CPU.Build.0 = Release|Any CPU
	EndGlobalSection
	GlobalSection(SolutionProperties) = preSolution
		HideSolutionNode = FALSE
	EndGlobalSection
	GlobalSection(ExtensibilityGlobals) = postSolution
		SolutionGuid = {88854EA3-EA0B-4BE0-9A5E-E99AC85A9D77}
	EndGlobalSection
EndGlobal
